{
  "name": "07_why_utils_demo",
  "version": "1.0.0",
  "lockfileVersion": 1,
  "requires": true,
  "dependencies": {
    "yangkun1994_test_package": {
      "version": "1.0.0",
      "resolved": "https://registry.npmjs.org/yangkun1994_test_package/-/yangkun1994_test_package-1.0.0.tgz",
      "integrity": "sha512-hbv/VbPVSB47p47TVP9tdr6kUOYjVF0N+5ajYTIepI0BFFy8gSHrJc+kTRgSketFaO679Qb88Kvg7X9IA0icrA=="
    }
  }
}
